# THIS IS AN AUTOGENERATED FILE. DO NOT EDIT THIS FILE DIRECTLY.
# yarn lockfile v1


"@types/tcp-ping@^0.1.0":
  version "0.1.0"
  resolved "http://registry.npm.taobao.org/@types/tcp-ping/download/@types/tcp-ping-0.1.0.tgz#f8e02d8cfc16f511d1364889e39408896b02a99a"
  integrity sha1-+OAtjPwW9RHRNkiJ45QIiWsCqZo=

ping@^0.2.2:
  version "0.2.2"
  resolved "http://registry.npm.taobao.org/ping/download/ping-0.2.2.tgz#180fb7508c1dc74793849bce35c8073f9965bce2"
  integrity sha1-GA+3UIwdx0eThJvONcgHP5llvOI=
  dependencies:
    q "1.x"
    underscore "^1.8.3"

q@1.x:
  version "1.5.1"
  resolved "http://registry.npm.taobao.org/q/download/q-1.5.1.tgz#7e32f75b41381291d04611f1bf14109ac00651d7"
  integrity sha1-fjL3W0E4EpHQRhHxvxQQmsAGUdc=

tcp-ping@^0.1.1:
  version "0.1.1"
  resolved "http://registry.npm.taobao.org/tcp-ping/download/tcp-ping-0.1.1.tgz#02dd7f42b5bf7d7cb78d5b7aacefa155fd8f7c0c"
  integrity sha1-At1/QrW/fXy3jVt6rO+hVf2PfAw=

underscore@^1.8.3:
  version "1.9.1"
  resolved "http://registry.npm.taobao.org/underscore/download/underscore-1.9.1.tgz#06dce34a0e68a7babc29b365b8e74b8925203961"
  integrity sha1-BtzjSg5op7q8KbNluOdLiSUgOWE=
